{
  "name": "edu-game-kontra-match-3",
  "version": "1.0.0",
  "lockfileVersion": 3,
  "requires": true,
  "packages": {
    "": {
      "name": "edu-game-kontra-match-3",
      "version": "1.0.0",
      "devDependencies": {
        "kontra": "^8.0.0",
        "prettier": "^2.7.1",
        "typescript": "^4.9.3"
      }
    },
    "node_modules/kontra": {
      "version": "8.0.0",
      "resolved": "https://registry.npmjs.org/kontra/-/kontra-8.0.0.tgz",
      "integrity": "sha512-7Go/K4S+6gtyillSKSkSlNq46neuIWGvof9PYyzBwiBKGrs+1GHzsDknaeIID3GulV+sK1oKcV0hB2CyyO7ePQ==",
      "dev": true,
      "engines": {
        "node": ">=14.0.0",
        "npm": "<7.0.0"
      }
    },
    "node_modules/prettier": {
      "version": "2.7.1",
      "resolved": "https://registry.npmjs.org/prettier/-/prettier-2.7.1.tgz",
      "integrity": "sha512-ujppO+MkdPqoVINuDFDRLClm7D78qbDt0/NR+wp5FqEZOoTNAjPHWj17QRhu7geIHJfcNhRk1XVQmF8Bp3ye+g==",
      "dev": true,
      "bin": {
        "prettier": "bin-prettier.js"
      },
      "engines": {
        "node": ">=10.13.0"
      },
      "funding": {
        "url": "https://github.com/prettier/prettier?sponsor=1"
      }
    },
    "node_modules/typescript": {
      "version": "4.9.3",
      "resolved": "https://registry.npmjs.org/typescript/-/typescript-4.9.3.tgz",
      "integrity": "sha512-CIfGzTelbKNEnLpLdGFgdyKhG23CKdKgQPOBc+OUNrkJ2vr+KSzsSV5kq5iWhEQbok+quxgGzrAtGWCyU7tHnA==",
      "dev": true,
      "bin": {
        "tsc": "bin/tsc",
        "tsserver": "bin/tsserver"
      },
      "engines": {
        "node": ">=4.2.0"
      }
    }
  }
}
